
Microsoft Visual Studio Solution File, Format Version 12.00
# Visual Studio 15
VisualStudioVersion = 15.0.28307.106
MinimumVisualStudioVersion = 10.0.40219.1
Project("{8BC9CEB8-8B4A-11D0-8D11-00A0C91BC942}") = "Indexing", "Indexing\Indexing.vcxproj", "{E883DEA2-4EFA-4B33-8DEE-A0D7B6E67F92}"
EndProject
Global
	GlobalSection(SolutionConfigurationPlatforms) = preSolution
		Debug|x64 = Debug|x64
		Debug|x86 = Debug|x86
		Release|x64 = Release|x64
		Release|x86 = Release|x86
	EndGlobalSection
	GlobalSection(ProjectConfigurationPlatforms) = postSolution
		{E883DEA2-4EFA-4B33-8DEE-A0D7B6E67F92}.Debug|x64.ActiveCfg = Debug|x64
		{E883DEA2-4EFA-4B33-8DEE-A0D7B6E67F92}.Debug|x64.Build.0 = Debug|x64
		{E883DEA2-4EFA-4B33-8DEE-A0D7B6E67F92}.Debug|x86.ActiveCfg = Debug|Win32
		{E883DEA2-4EFA-4B33-8DEE-A0D7B6E67F92}.Debug|x86.Build.0 = Debug|Win32
		{E883DEA2-4EFA-4B33-8DEE-A0D7B6E67F92}.Release|x64.ActiveCfg = Release|x64
		{E883DEA2-4EFA-4B33-8DEE-A0D7B6E67F92}.Release|x64.Build.0 = Release|x64
		{E883DEA2-4EFA-4B33-8DEE-A0D7B6E67F92}.Release|x86.ActiveCfg = Release|Win32
		{E883DEA2-4EFA-4B33-8DEE-A0D7B6E67F92}.Release|x86.Build.0 = Release|Win32
	EndGlobalSection
	GlobalSection(SolutionProperties) = preSolution
		HideSolutionNode = FALSE
	EndGlobalSection
	GlobalSection(ExtensibilityGlobals) = postSolution
		SolutionGuid = {CA4CD14B-8939-4B4E-B8E1-A5B9AF27F553}
	EndGlobalSection
EndGlobal
